{
  "requires": true,
  "lockfileVersion": 1,
  "dependencies": {
    "@babel/runtime": {
      "version": "7.13.17",
      "resolved": "https://registry.npmjs.org/@babel/runtime/-/runtime-7.13.17.tgz",
      "integrity": "sha512-NCdgJEelPTSh+FEFylhnP1ylq848l1z9t9N0j1Lfbcw0+KXGjsTvUmkxy+voLLXB5SOKMbLLx4jxYliGrYQseA==",
      "requires": {
        "regenerator-runtime": "^0.13.4"
      }
    },
    "@iconify-icons/octicon": {
      "version": "1.1.4",
      "resolved": "https://registry.npmjs.org/@iconify-icons/octicon/-/octicon-1.1.4.tgz",
      "integrity": "sha512-EQOiGFK7jd1soprjzQF5/OU8zZwy972+WYcp1oCmxWWvbgC8R925KgoWL5UHQddPAXlKb53v/05fiC+MNw7IFg==",
      "dev": true
    },
    "@iconify/react": {
      "version": "1.1.4",
      "resolved": "https://registry.npmjs.org/@iconify/react/-/react-1.1.4.tgz",
      "integrity": "sha512-oxq8IMOq8q3nKGiDHbQPC8FcFuBsKve68JWBo140d5LRnj0bv5TB/FE/y01ZSvEZ7PlI2HIrnb2qivPN8kTDgw==",
      "dev": true
    },
    "match-sorter": {
      "version": "6.3.0",
      "resolved": "https://registry.npmjs.org/match-sorter/-/match-sorter-6.3.0.tgz",
      "integrity": "sha512-efYOf/wUpNb8FgNY+cOD2EIJI1S5I7YPKsw0LBp7wqPh5pmMS6i/wr3ZWwfwrAw1NvqTA2KUReVRWDX84lUcOQ==",
      "requires": {
        "@babel/runtime": "^7.12.5",
        "remove-accents": "0.4.2"
      }
    },
    "react-table": {
      "version": "7.6.3",
      "resolved": "https://registry.npmjs.org/react-table/-/react-table-7.6.3.tgz",
      "integrity": "sha512-hfPF13zDLxPMpLKzIKCE8RZud9T/XrRTsaCIf8zXpWZIZ2juCl7qrGpo3AQw9eAetXV5DP7s2GDm+hht7qq5Dw=="
    },
    "regenerator-runtime": {
      "version": "0.13.7",
      "resolved": "https://registry.npmjs.org/regenerator-runtime/-/regenerator-runtime-0.13.7.tgz",
      "integrity": "sha512-a54FxoJDIr27pgf7IgeQGxmqUNYrcV338lf/6gH456HZ/PhX+5BcwHXG9ajESmwe6WRO0tAzRUrRmNONWgkrew=="
    },
    "remove-accents": {
      "version": "0.4.2",
      "resolved": "https://registry.npmjs.org/remove-accents/-/remove-accents-0.4.2.tgz",
      "integrity": "sha1-CkPTqq4egNuRngeuJUsoXZ4ce7U="
    }
  }
}
